
Microsoft Visual Studio Solution File, Format Version 12.00
# Visual Studio Version 16
VisualStudioVersion = 16.0.30413.136
MinimumVisualStudioVersion = 10.0.40219.1
Project("{9A19103F-16F7-4668-BE54-9A1E7A4F7556}") = "Biscoint.Api.Dotnet.Lib", "src\Biscoint.Api.Dotnet.Lib\Biscoint.Api.Dotnet.Lib.csproj", "{DF80EAB4-23A1-40FE-AA7E-C0B71329F0E1}"
EndProject
Project("{9A19103F-16F7-4668-BE54-9A1E7A4F7556}") = "Biscoint.Api.Dotnet.Test", "test\Biscoint.Api.Dotnet.Test\Biscoint.Api.Dotnet.Test.csproj", "{9C0848D4-5F97-40E4-A55F-C3684D9FC68E}"
EndProject
Project("{FAE04EC0-301F-11D3-BF4B-00C04F79EFBC}") = "Biscoint.Api.Dotnet.Application", "app\Biscoint.Api.Dotnet.Application\Biscoint.Api.Dotnet.Application.csproj", "{B0B93873-B3C5-4079-8B1A-DAE84B0C5D4A}"
EndProject
Global
	GlobalSection(SolutionConfigurationPlatforms) = preSolution
		Debug|Any CPU = Debug|Any CPU
		Release|Any CPU = Release|Any CPU
	EndGlobalSection
	GlobalSection(ProjectConfigurationPlatforms) = postSolution
		{DF80EAB4-23A1-40FE-AA7E-C0B71329F0E1}.Debug|Any CPU.ActiveCfg = Debug|Any CPU
		{DF80EAB4-23A1-40FE-AA7E-C0B71329F0E1}.Debug|Any CPU.Build.0 = Debug|Any CPU
		{DF80EAB4-23A1-40FE-AA7E-C0B71329F0E1}.Release|Any CPU.ActiveCfg = Release|Any CPU
		{DF80EAB4-23A1-40FE-AA7E-C0B71329F0E1}.Release|Any CPU.Build.0 = Release|Any CPU
		{9C0848D4-5F97-40E4-A55F-C3684D9FC68E}.Debug|Any CPU.ActiveCfg = Debug|Any CPU
		{9C0848D4-5F97-40E4-A55F-C3684D9FC68E}.Debug|Any CPU.Build.0 = Debug|Any CPU
		{9C0848D4-5F97-40E4-A55F-C3684D9FC68E}.Release|Any CPU.ActiveCfg = Release|Any CPU
		{9C0848D4-5F97-40E4-A55F-C3684D9FC68E}.Release|Any CPU.Build.0 = Release|Any CPU
		{B0B93873-B3C5-4079-8B1A-DAE84B0C5D4A}.Debug|Any CPU.ActiveCfg = Debug|Any CPU
		{B0B93873-B3C5-4079-8B1A-DAE84B0C5D4A}.Debug|Any CPU.Build.0 = Debug|Any CPU
		{B0B93873-B3C5-4079-8B1A-DAE84B0C5D4A}.Release|Any CPU.ActiveCfg = Release|Any CPU
		{B0B93873-B3C5-4079-8B1A-DAE84B0C5D4A}.Release|Any CPU.Build.0 = Release|Any CPU
	EndGlobalSection
	GlobalSection(SolutionProperties) = preSolution
		HideSolutionNode = FALSE
	EndGlobalSection
	GlobalSection(ExtensibilityGlobals) = postSolution
		SolutionGuid = {84223E73-D52B-4B51-ACC5-7A931F1A72DB}
	EndGlobalSection
EndGlobal
